
Microsoft Visual Studio Solution File, Format Version 12.00
# Visual Studio Version 16
VisualStudioVersion = 16.0.31613.86
MinimumVisualStudioVersion = 10.0.40219.1
Project("{8BC9CEB8-8B4A-11D0-8D11-00A0C91BC942}") = "HybridAuxIATHooking", "HybridAuxIATHooking\HybridAuxIATHooking.vcxproj", "{5D75E561-7EF3-4ED1-B939-C3679855D990}"
EndProject
Project("{8BC9CEB8-8B4A-11D0-8D11-00A0C91BC942}") = "arm64ecext", "arm64ecext\arm64ecext.vcxproj", "{BF6F6CE4-902F-4A5E-AF2B-EE5ECCC47EC6}"
EndProject
Global
	GlobalSection(SolutionConfigurationPlatforms) = preSolution
		Debug|ARM64 = Debug|ARM64
		Debug|ARM64EC = Debug|ARM64EC
		Debug|x64 = Debug|x64
		Debug|x86 = Debug|x86
		Release|ARM64 = Release|ARM64
		Release|ARM64EC = Release|ARM64EC
		Release|x64 = Release|x64
		Release|x86 = Release|x86
	EndGlobalSection
	GlobalSection(ProjectConfigurationPlatforms) = postSolution
		{5D75E561-7EF3-4ED1-B939-C3679855D990}.Debug|ARM64.ActiveCfg = Debug|ARM64
		{5D75E561-7EF3-4ED1-B939-C3679855D990}.Debug|ARM64.Build.0 = Debug|ARM64
		{5D75E561-7EF3-4ED1-B939-C3679855D990}.Debug|ARM64EC.ActiveCfg = Debug|ARM64EC
		{5D75E561-7EF3-4ED1-B939-C3679855D990}.Debug|ARM64EC.Build.0 = Debug|ARM64EC
		{5D75E561-7EF3-4ED1-B939-C3679855D990}.Debug|x64.ActiveCfg = Debug|x64
		{5D75E561-7EF3-4ED1-B939-C3679855D990}.Debug|x64.Build.0 = Debug|x64
		{5D75E561-7EF3-4ED1-B939-C3679855D990}.Debug|x86.ActiveCfg = Debug|Win32
		{5D75E561-7EF3-4ED1-B939-C3679855D990}.Debug|x86.Build.0 = Debug|Win32
		{5D75E561-7EF3-4ED1-B939-C3679855D990}.Release|ARM64.ActiveCfg = Release|ARM64EC
		{5D75E561-7EF3-4ED1-B939-C3679855D990}.Release|ARM64.Build.0 = Release|ARM64EC
		{5D75E561-7EF3-4ED1-B939-C3679855D990}.Release|ARM64EC.ActiveCfg = Release|ARM64EC
		{5D75E561-7EF3-4ED1-B939-C3679855D990}.Release|ARM64EC.Build.0 = Release|ARM64EC
		{5D75E561-7EF3-4ED1-B939-C3679855D990}.Release|x64.ActiveCfg = Release|x64
		{5D75E561-7EF3-4ED1-B939-C3679855D990}.Release|x64.Build.0 = Release|x64
		{5D75E561-7EF3-4ED1-B939-C3679855D990}.Release|x86.ActiveCfg = Release|Win32
		{5D75E561-7EF3-4ED1-B939-C3679855D990}.Release|x86.Build.0 = Release|Win32
		{BF6F6CE4-902F-4A5E-AF2B-EE5ECCC47EC6}.Debug|ARM64.ActiveCfg = Debug|Win32
		{BF6F6CE4-902F-4A5E-AF2B-EE5ECCC47EC6}.Debug|ARM64EC.ActiveCfg = Debug|Win32
		{BF6F6CE4-902F-4A5E-AF2B-EE5ECCC47EC6}.Debug|x64.ActiveCfg = Debug|x64
		{BF6F6CE4-902F-4A5E-AF2B-EE5ECCC47EC6}.Debug|x64.Build.0 = Debug|x64
		{BF6F6CE4-902F-4A5E-AF2B-EE5ECCC47EC6}.Debug|x86.ActiveCfg = Debug|Win32
		{BF6F6CE4-902F-4A5E-AF2B-EE5ECCC47EC6}.Debug|x86.Build.0 = Debug|Win32
		{BF6F6CE4-902F-4A5E-AF2B-EE5ECCC47EC6}.Release|ARM64.ActiveCfg = Release|ARM64
		{BF6F6CE4-902F-4A5E-AF2B-EE5ECCC47EC6}.Release|ARM64.Build.0 = Release|ARM64
		{BF6F6CE4-902F-4A5E-AF2B-EE5ECCC47EC6}.Release|ARM64EC.ActiveCfg = Release|ARM64
		{BF6F6CE4-902F-4A5E-AF2B-EE5ECCC47EC6}.Release|x64.ActiveCfg = Release|x64
		{BF6F6CE4-902F-4A5E-AF2B-EE5ECCC47EC6}.Release|x64.Build.0 = Release|x64
		{BF6F6CE4-902F-4A5E-AF2B-EE5ECCC47EC6}.Release|x86.ActiveCfg = Release|Win32
		{BF6F6CE4-902F-4A5E-AF2B-EE5ECCC47EC6}.Release|x86.Build.0 = Release|Win32
	EndGlobalSection
	GlobalSection(SolutionProperties) = preSolution
		HideSolutionNode = FALSE
	EndGlobalSection
	GlobalSection(ExtensibilityGlobals) = postSolution
		SolutionGuid = {B35987CA-A1A1-4DA1-9972-4BF27E882262}
	EndGlobalSection
EndGlobal
